{"version":4,"terraform_version":"1.9.1","serial":2,"lineage":"5b72efd9-0bbf-b607-2def-021197f728a8","outputs":{},"resources":[{"mode":"managed","type":"aws_dynamodb_table","name":"locks_prod","provider":"provider[\"registry.opentofu.org/hashicorp/aws\"]","instances":[{"schema_version":1,"attributes":{"arn":"arn:aws:dynamodb:eu-west-1:122814843205:table/merapar-terraform-locks-prod","attribute":[{"name":"LockID","type":"S"}],"billing_mode":"PAY_PER_REQUEST","deletion_protection_enabled":false,"global_secondary_index":[],"hash_key":"LockID","id":"merapar-terraform-locks-prod","import_table":[],"local_secondary_index":[],"name":"merapar-terraform-locks-prod","on_demand_throughput":[],"point_in_time_recovery":[{"enabled":false}],"range_key":null,"read_capacity":0,"replica":[],"restore_date_time":null,"restore_source_name":null,"restore_source_table_arn":null,"restore_to_latest_time":null,"server_side_encryption":[],"stream_arn":"","stream_enabled":false,"stream_label":"","stream_view_type":"","table_class":"STANDARD","tags":null,"tags_all":{},"timeouts":null,"ttl":[{"attribute_name":"","enabled":false}],"write_capacity":0},"sensitive_attributes":[],"private":"eyJlMmJmYjczMC1lY2FhLTExZTYtOGY4OC0zNDM2M2JjN2M0YzAiOnsiY3JlYXRlIjoxODAwMDAwMDAwMDAwLCJkZWxldGUiOjYwMDAwMDAwMDAwMCwidXBkYXRlIjozNjAwMDAwMDAwMDAwfSwic2NoZW1hX3ZlcnNpb24iOiIxIn0="}]},{"mode":"managed","type":"aws_dynamodb_table","name":"locks_stage","provider":"provider[\"registry.opentofu.org/hashicorp/aws\"]","instances":[{"schema_version":1,"attributes":{"arn":"arn:aws:dynamodb:eu-west-1:122814843205:table/merapar-terraform-locks-stage","attribute":[{"name":"LockID","type":"S"}],"billing_mode":"PAY_PER_REQUEST","deletion_protection_enabled":false,"global_secondary_index":[],"hash_key":"LockID","id":"merapar-terraform-locks-stage","import_table":[],"local_secondary_index":[],"name":"merapar-terraform-locks-stage","on_demand_throughput":[],"point_in_time_recovery":[{"enabled":false}],"range_key":null,"read_capacity":0,"replica":[],"restore_date_time":null,"restore_source_name":null,"restore_source_table_arn":null,"restore_to_latest_time":null,"server_side_encryption":[],"stream_arn":"","stream_enabled":false,"stream_label":"","stream_view_type":"","table_class":"STANDARD","tags":null,"tags_all":{},"timeouts":null,"ttl":[{"attribute_name":"","enabled":false}],"write_capacity":0},"sensitive_attributes":[],"private":"eyJlMmJmYjczMC1lY2FhLTExZTYtOGY4OC0zNDM2M2JjN2M0YzAiOnsiY3JlYXRlIjoxODAwMDAwMDAwMDAwLCJkZWxldGUiOjYwMDAwMDAwMDAwMCwidXBkYXRlIjozNjAwMDAwMDAwMDAwfSwic2NoZW1hX3ZlcnNpb24iOiIxIn0="}]},{"mode":"managed","type":"aws_s3_bucket","name":"state","provider":"provider[\"registry.opentofu.org/hashicorp/aws\"]","instances":[{"schema_version":0,"attributes":{"acceleration_status":"","acl":null,"arn":"arn:aws:s3:::merapar-terraform-state","bucket":"merapar-terraform-state","bucket_domain_name":"merapar-terraform-state.s3.amazonaws.com","bucket_prefix":"","bucket_regional_domain_name":"merapar-terraform-state.s3.eu-west-1.amazonaws.com","cors_rule":[],"force_destroy":false,"grant":[{"id":"ee4207a5287b2d5610494649f2c7c2601b7bcc5a3869f6543fd46384d9376fd6","permissions":["FULL_CONTROL"],"type":"CanonicalUser","uri":""}],"hosted_zone_id":"Z1BKCTXD74EZPE","id":"merapar-terraform-state","lifecycle_rule":[],"logging":[],"object_lock_configuration":[],"object_lock_enabled":false,"policy":"","region":"eu-west-1","replication_configuration":[],"request_payer":"BucketOwner","server_side_encryption_configuration":[{"rule":[{"apply_server_side_encryption_by_default":[{"kms_master_key_id":"","sse_algorithm":"AES256"}],"bucket_key_enabled":false}]}],"tags":{"Environment":"bootstrap","Project":"merapar-dynamic-string"},"tags_all":{"Environment":"bootstrap","Project":"merapar-dynamic-string"},"timeouts":null,"versioning":[{"enabled":true,"mfa_delete":false}],"website":[],"website_domain":null,"website_endpoint":null},"sensitive_attributes":[],"private":"eyJlMmJmYjczMC1lY2FhLTExZTYtOGY4OC0zNDM2M2JjN2M0YzAiOnsiY3JlYXRlIjoxMjAwMDAwMDAwMDAwLCJkZWxldGUiOjM2MDAwMDAwMDAwMDAsInJlYWQiOjEyMDAwMDAwMDAwMDAsInVwZGF0ZSI6MTIwMDAwMDAwMDAwMH19"}]},{"mode":"managed","type":"aws_s3_bucket","name":"state_prod","provider":"provider[\"registry.opentofu.org/hashicorp/aws\"]","instances":[{"schema_version":0,"attributes":{"acceleration_status":"","acl":null,"arn":"arn:aws:s3:::merapar-terraform-state-prod","bucket":"merapar-terraform-state-prod","bucket_domain_name":"merapar-terraform-state-prod.s3.amazonaws.com","bucket_prefix":"","bucket_regional_domain_name":"merapar-terraform-state-prod.s3.eu-west-1.amazonaws.com","cors_rule":[],"force_destroy":false,"grant":[{"id":"ee4207a5287b2d5610494649f2c7c2601b7bcc5a3869f6543fd46384d9376fd6","permissions":["FULL_CONTROL"],"type":"CanonicalUser","uri":""}],"hosted_zone_id":"Z1BKCTXD74EZPE","id":"merapar-terraform-state-prod","lifecycle_rule":[],"logging":[],"object_lock_configuration":[],"object_lock_enabled":false,"policy":"","region":"eu-west-1","replication_configuration":[],"request_payer":"BucketOwner","server_side_encryption_configuration":[{"rule":[{"apply_server_side_encryption_by_default":[{"kms_master_key_id":"","sse_algorithm":"AES256"}],"bucket_key_enabled":false}]}],"tags":null,"tags_all":{},"timeouts":null,"versioning":[{"enabled":false,"mfa_delete":false}],"website":[],"website_domain":null,"website_endpoint":null},"sensitive_attributes":[],"private":"eyJlMmJmYjczMC1lY2FhLTExZTYtOGY4OC0zNDM2M2JjN2M0YzAiOnsiY3JlYXRlIjoxMjAwMDAwMDAwMDAwLCJkZWxldGUiOjM2MDAwMDAwMDAwMDAsInJlYWQiOjEyMDAwMDAwMDAwMDAsInVwZGF0ZSI6MTIwMDAwMDAwMDAwMH19"}]},{"mode":"managed","type":"aws_s3_bucket","name":"state_stage","provider":"provider[\"registry.opentofu.org/hashicorp/aws\"]","instances":[{"schema_version":0,"attributes":{"acceleration_status":"","acl":null,"arn":"arn:aws:s3:::merapar-terraform-state-stage","bucket":"merapar-terraform-state-stage","bucket_domain_name":"merapar-terraform-state-stage.s3.amazonaws.com","bucket_prefix":"","bucket_regional_domain_name":"merapar-terraform-state-stage.s3.eu-west-1.amazonaws.com","cors_rule":[],"force_destroy":false,"grant":[{"id":"ee4207a5287b2d5610494649f2c7c2601b7bcc5a3869f6543fd46384d9376fd6","permissions":["FULL_CONTROL"],"type":"CanonicalUser","uri":""}],"hosted_zone_id":"Z1BKCTXD74EZPE","id":"merapar-terraform-state-stage","lifecycle_rule":[],"logging":[],"object_lock_configuration":[],"object_lock_enabled":false,"policy":"","region":"eu-west-1","replication_configuration":[],"request_payer":"BucketOwner","server_side_encryption_configuration":[{"rule":[{"apply_server_side_encryption_by_default":[{"kms_master_key_id":"","sse_algorithm":"AES256"}],"bucket_key_enabled":false}]}],"tags":null,"tags_all":{},"timeouts":null,"versioning":[{"enabled":false,"mfa_delete":false}],"website":[],"website_domain":null,"website_endpoint":null},"sensitive_attributes":[],"private":"eyJlMmJmYjczMC1lY2FhLTExZTYtOGY4OC0zNDM2M2JjN2M0YzAiOnsiY3JlYXRlIjoxMjAwMDAwMDAwMDAwLCJkZWxldGUiOjM2MDAwMDAwMDAwMDAsInJlYWQiOjEyMDAwMDAwMDAwMDAsInVwZGF0ZSI6MTIwMDAwMDAwMDAwMH19"}]},{"mode":"managed","type":"aws_s3_bucket_versioning","name":"state_prod","provider":"provider[\"registry.opentofu.org/hashicorp/aws\"]","instances":[{"schema_version":0,"attributes":{"bucket":"merapar-terraform-state-prod","expected_bucket_owner":"","id":"merapar-terraform-state-prod","mfa":null,"versioning_configuration":[{"mfa_delete":"","status":"Enabled"}]},"sensitive_attributes":[],"private":"bnVsbA==","dependencies":["aws_s3_bucket.state_prod"]}]},{"mode":"managed","type":"aws_s3_bucket_versioning","name":"state_stage","provider":"provider[\"registry.opentofu.org/hashicorp/aws\"]","instances":[{"schema_version":0,"attributes":{"bucket":"merapar-terraform-state-stage","expected_bucket_owner":"","id":"merapar-terraform-state-stage","mfa":null,"versioning_configuration":[{"mfa_delete":"","status":"Enabled"}]},"sensitive_attributes":[],"private":"bnVsbA==","dependencies":["aws_s3_bucket.state_stage"]}]}],"check_results":null}
